
Microsoft Visual Studio Solution File, Format Version 12.00
# Visual Studio Version 16
VisualStudioVersion = 16.0.32126.315
MinimumVisualStudioVersion = 10.0.40219.1
Project("{FAE04EC0-301F-11D3-BF4B-00C04F79EFBC}") = "MusicLibrary.Entities", "MusicLibrary.Entities\MusicLibrary.Entities.csproj", "{AD56B63C-B95C-47E7-85DA-992F41164E2F}"
EndProject
Project("{FAE04EC0-301F-11D3-BF4B-00C04F79EFBC}") = "MusicLibrary.DataAccess", "MusicLibrary.DataAccess\MusicLibrary.DataAccess.csproj", "{C168E669-8554-4691-8E01-3735E141AC78}"
EndProject
Project("{FAE04EC0-301F-11D3-BF4B-00C04F79EFBC}") = "Core", "Core\Core.csproj", "{16180A45-4466-4F0D-90DC-69E1ABD63248}"
EndProject
Project("{FAE04EC0-301F-11D3-BF4B-00C04F79EFBC}") = "MusicLibrary.Business", "MusicLibrary.Business\MusicLibrary.Business.csproj", "{07F4E6C9-ED0C-4227-BD2C-1882F5BF12C4}"
EndProject
Project("{FAE04EC0-301F-11D3-BF4B-00C04F79EFBC}") = "MusicLibrary.FormUI", "MusicLibrary.FormUI\MusicLibrary.FormUI.csproj", "{B0206DB7-31E4-480E-9C69-7D5976837FD6}"
EndProject
Global
	GlobalSection(SolutionConfigurationPlatforms) = preSolution
		Debug|Any CPU = Debug|Any CPU
		Release|Any CPU = Release|Any CPU
	EndGlobalSection
	GlobalSection(ProjectConfigurationPlatforms) = postSolution
		{AD56B63C-B95C-47E7-85DA-992F41164E2F}.Debug|Any CPU.ActiveCfg = Debug|Any CPU
		{AD56B63C-B95C-47E7-85DA-992F41164E2F}.Debug|Any CPU.Build.0 = Debug|Any CPU
		{AD56B63C-B95C-47E7-85DA-992F41164E2F}.Release|Any CPU.ActiveCfg = Release|Any CPU
		{AD56B63C-B95C-47E7-85DA-992F41164E2F}.Release|Any CPU.Build.0 = Release|Any CPU
		{C168E669-8554-4691-8E01-3735E141AC78}.Debug|Any CPU.ActiveCfg = Debug|Any CPU
		{C168E669-8554-4691-8E01-3735E141AC78}.Debug|Any CPU.Build.0 = Debug|Any CPU
		{C168E669-8554-4691-8E01-3735E141AC78}.Release|Any CPU.ActiveCfg = Release|Any CPU
		{C168E669-8554-4691-8E01-3735E141AC78}.Release|Any CPU.Build.0 = Release|Any CPU
		{16180A45-4466-4F0D-90DC-69E1ABD63248}.Debug|Any CPU.ActiveCfg = Debug|Any CPU
		{16180A45-4466-4F0D-90DC-69E1ABD63248}.Debug|Any CPU.Build.0 = Debug|Any CPU
		{16180A45-4466-4F0D-90DC-69E1ABD63248}.Release|Any CPU.ActiveCfg = Release|Any CPU
		{16180A45-4466-4F0D-90DC-69E1ABD63248}.Release|Any CPU.Build.0 = Release|Any CPU
		{07F4E6C9-ED0C-4227-BD2C-1882F5BF12C4}.Debug|Any CPU.ActiveCfg = Debug|Any CPU
		{07F4E6C9-ED0C-4227-BD2C-1882F5BF12C4}.Debug|Any CPU.Build.0 = Debug|Any CPU
		{07F4E6C9-ED0C-4227-BD2C-1882F5BF12C4}.Release|Any CPU.ActiveCfg = Release|Any CPU
		{07F4E6C9-ED0C-4227-BD2C-1882F5BF12C4}.Release|Any CPU.Build.0 = Release|Any CPU
		{B0206DB7-31E4-480E-9C69-7D5976837FD6}.Debug|Any CPU.ActiveCfg = Debug|Any CPU
		{B0206DB7-31E4-480E-9C69-7D5976837FD6}.Debug|Any CPU.Build.0 = Debug|Any CPU
		{B0206DB7-31E4-480E-9C69-7D5976837FD6}.Release|Any CPU.ActiveCfg = Release|Any CPU
		{B0206DB7-31E4-480E-9C69-7D5976837FD6}.Release|Any CPU.Build.0 = Release|Any CPU
	EndGlobalSection
	GlobalSection(SolutionProperties) = preSolution
		HideSolutionNode = FALSE
	EndGlobalSection
	GlobalSection(ExtensibilityGlobals) = postSolution
		SolutionGuid = {9FB1EEB3-7811-4A2F-9AC1-A80518CE7BCA}
	EndGlobalSection
EndGlobal
